{
  "version": "4",
  "specifiers": {
    "jsr:@std/assert@1.0.6": "1.0.6",
    "jsr:@std/internal@^1.0.4": "1.0.4"
  },
  "jsr": {
    "@std/assert@1.0.6": {
      "integrity": "1904c05806a25d94fe791d6d883b685c9e2dcd60e4f9fc30f4fc5cf010c72207",
      "dependencies": [
        "jsr:@std/internal"
      ]
    },
    "@std/internal@1.0.4": {
      "integrity": "62e8e4911527e5e4f307741a795c0b0a9e6958d0b3790716ae71ce085f755422"
    }
  },
  "remote": {
    "https://raw.githubusercontent.com/i-xi-dev/number.es/10.2.2/deps.ts": "4c03411cb632abd23ac488441d16b15a51999d3080321e997b0f4546150a396b",
    "https://raw.githubusercontent.com/i-xi-dev/number.es/10.2.2/mod.ts": "602c521be29aef4375c41925ec07d24609c5323b10a57d5e13f0b580b1c66707",
    "https://raw.githubusercontent.com/i-xi-dev/number.es/10.2.2/src/big_integer.ts": "cb8694da077153545e484443e91bab8de909567df1a24f4507de987706a4e265",
    "https://raw.githubusercontent.com/i-xi-dev/number.es/10.2.2/src/big_integer_range.ts": "e7a522c97873f781f21a64cc99bc9373ece642ffbd01a3c17ba76ff518e7802b",
    "https://raw.githubusercontent.com/i-xi-dev/number.es/10.2.2/src/big_integer_uint_n.ts": "7219d39573cc23bf3838dbfdead3413656248433e509db02063e158f340a0db9",
    "https://raw.githubusercontent.com/i-xi-dev/number.es/10.2.2/src/integer.ts": "883c4f4a12dc40d4753f6529bf1d048403c21f5384ee91b62723acca66daf300",
    "https://raw.githubusercontent.com/i-xi-dev/number.es/10.2.2/src/integer_range.ts": "022d283d8d4425093eadf453a9077e4dcecdd9bb4c69bc617c78d8c0d84c91e0",
    "https://raw.githubusercontent.com/i-xi-dev/number.es/10.2.2/src/numeric.ts": "4d92b837a3c27b38cc0bc25ce9aa8b4ec6b2cf74cae0262d03d89ebeb54b893b",
    "https://raw.githubusercontent.com/i-xi-dev/number.es/10.2.2/src/safe_integer.ts": "9e3998eb66600e73d42b6a4df4a03a4f1597f308eb8d84ffd9eb581e8b6bad41",
    "https://raw.githubusercontent.com/i-xi-dev/number.es/10.2.2/src/safe_integer_range.ts": "985a19903341a467a3ab28c810b05a5ca168f80cbaba6a3a605a7fbafac5efa2",
    "https://raw.githubusercontent.com/i-xi-dev/number.es/10.2.2/src/safe_integer_uint_n.ts": "deacf9090f9783681d2623888d9fc4dba0ade99df8127524d84beccab5ac72db",
    "https://raw.githubusercontent.com/i-xi-dev/number.es/10.2.2/src/uint_n.ts": "4a172f03ffcc280d8dc616ae2154ec585829b50986ee8d73638f167385257f02",
    "https://raw.githubusercontent.com/i-xi-dev/number.es/10.2.2/src/uint_n_type.ts": "79c566106cdc35542b1650291b42c46c5ce47f1dd7f4638fb873664e6b245167",
    "https://raw.githubusercontent.com/i-xi-dev/type.es/2.2.1/mod.ts": "94ca4b0d7ed1e15149693a241257980c7641aced0759092ba4afdc6a13671f32",
    "https://raw.githubusercontent.com/i-xi-dev/type.es/2.2.1/src/bigint_type.ts": "7a4952f5646f355725945b36e7e83db9ca052fc2435f61cfb4eb65647b39127e",
    "https://raw.githubusercontent.com/i-xi-dev/type.es/2.2.1/src/char_type.ts": "5b3dc3f37d50ce623364754aa23f5b1661c850304c06828b07394cc91f937e84",
    "https://raw.githubusercontent.com/i-xi-dev/type.es/2.2.1/src/integer_type.ts": "b91fdef3f3085cf90b22a19bcbdb615870eadc032663e840958f059ef85c56a7",
    "https://raw.githubusercontent.com/i-xi-dev/type.es/2.2.1/src/number_type.ts": "3fb10a3e5bb2360aa213448ccab8b48e80849ee8aca87fe2cad14e8bf143c707",
    "https://raw.githubusercontent.com/i-xi-dev/type.es/2.2.1/src/numeric_type.ts": "e863aeff90dbaab9d78285e00ad3daeeff06708cad0412aacd23e8e12e26741b",
    "https://raw.githubusercontent.com/i-xi-dev/type.es/2.2.1/src/object_type.ts": "7145ea3a0562d379d1d57ce1dfa1964ef243bce1cea30e5a400909ea82b3dc25",
    "https://raw.githubusercontent.com/i-xi-dev/type.es/2.2.1/src/rune_type.ts": "a1af93056993e15590d7b2a8469c7d093bbdb404cf7e478dc4d5ab15093e0f23",
    "https://raw.githubusercontent.com/i-xi-dev/type.es/2.2.1/src/safe_integer_type.ts": "ab4b34808aded99e7d653df0203f32ee49978937ddae77b419311ee6fb509a0e",
    "https://raw.githubusercontent.com/i-xi-dev/type.es/2.2.1/src/string_type.ts": "e7dcaf1d547627a39b8cc4f3ccac823a94ee0e41eba8aff2e4ad4d407ea71184"
  }
}
